
Microsoft Visual Studio Solution File, Format Version 12.00
Project("{FAE04EC0-301F-11D3-BF4B-00C04F79EFBC}") = "PokerHandsTests", "PokerHandsTests\PokerHandsTests.csproj", "{C7392386-4285-42D8-A553-62AF751B7E23}"
EndProject
Project("{FAE04EC0-301F-11D3-BF4B-00C04F79EFBC}") = "PokerHands", "PokerHands\PokerHands.csproj", "{248ABAFA-07AB-4717-BDBB-BFD2DA486EA4}"
EndProject
Global
	GlobalSection(SolutionConfigurationPlatforms) = preSolution
		Debug|Any CPU = Debug|Any CPU
		Release|Any CPU = Release|Any CPU
	EndGlobalSection
	GlobalSection(ProjectConfigurationPlatforms) = postSolution
		{C7392386-4285-42D8-A553-62AF751B7E23}.Debug|Any CPU.ActiveCfg = Debug|Any CPU
		{C7392386-4285-42D8-A553-62AF751B7E23}.Debug|Any CPU.Build.0 = Debug|Any CPU
		{C7392386-4285-42D8-A553-62AF751B7E23}.Release|Any CPU.ActiveCfg = Release|Any CPU
		{C7392386-4285-42D8-A553-62AF751B7E23}.Release|Any CPU.Build.0 = Release|Any CPU
		{248ABAFA-07AB-4717-BDBB-BFD2DA486EA4}.Debug|Any CPU.ActiveCfg = Debug|Any CPU
		{248ABAFA-07AB-4717-BDBB-BFD2DA486EA4}.Debug|Any CPU.Build.0 = Debug|Any CPU
		{248ABAFA-07AB-4717-BDBB-BFD2DA486EA4}.Release|Any CPU.ActiveCfg = Release|Any CPU
		{248ABAFA-07AB-4717-BDBB-BFD2DA486EA4}.Release|Any CPU.Build.0 = Release|Any CPU
	EndGlobalSection
EndGlobal
